{
  "name": "datetime-wheel-picker-root",
  "version": "unspecified",
  "lockfileVersion": 3,
  "requires": true,
  "packages": {
    "": {
      "name": "datetime-wheel-picker-root",
      "version": "unspecified",
      "workspaces": [
        "packages/datetime-wheel-picker-root-datetime-wheel-picker",
        "packages/datetime-wheel-picker-root-datetime-wheel-picker-test",
        "packages/datetime-wheel-picker-root-sample-composeApp",
        "packages/datetime-wheel-picker-root-sample-composeApp-test",
        "packages_imported/skiko-wasm-js/0.144.6",
        "packages_imported/skiko-js-wasm-runtime/0.144.6",
        "packages_imported/Kotlin-DateTime-library-kotlinx-datetime-wasm-js/0.8.0"
      ],
      "devDependencies": {}
    },
    "node_modules/@js-joda/core": {
      "version": "3.2.0",
      "resolved": "https://registry.npmjs.org/@js-joda/core/-/core-3.2.0.tgz",
      "integrity": "sha512-PMqgJ0sw5B7FKb2d5bWYIoxjri+QlW/Pys7+Rw82jSH0QN3rB05jZ/VrrsUdh1w4+i2kw9JOejXGq/KhDOX7Kg==",
      "license": "BSD-3-Clause"
    },
    "node_modules/datetime-wheel-picker-root-datetime-wheel-picker": {
      "resolved": "packages/datetime-wheel-picker-root-datetime-wheel-picker",
      "link": true
    },
    "node_modules/datetime-wheel-picker-root-datetime-wheel-picker-test": {
      "resolved": "packages/datetime-wheel-picker-root-datetime-wheel-picker-test",
      "link": true
    },
    "node_modules/datetime-wheel-picker-root-sample-composeApp": {
      "resolved": "packages/datetime-wheel-picker-root-sample-composeApp",
      "link": true
    },
    "node_modules/datetime-wheel-picker-root-sample-composeApp-test": {
      "resolved": "packages/datetime-wheel-picker-root-sample-composeApp-test",
      "link": true
    },
    "node_modules/Kotlin-DateTime-library-kotlinx-datetime-wasm-js": {
      "resolved": "packages_imported/Kotlin-DateTime-library-kotlinx-datetime-wasm-js/0.8.0",
      "link": true
    },
    "node_modules/skiko-js-wasm-runtime": {
      "resolved": "packages_imported/skiko-js-wasm-runtime/0.144.6",
      "link": true
    },
    "node_modules/skiko-wasm-js": {
      "resolved": "packages_imported/skiko-wasm-js/0.144.6",
      "link": true
    },
    "packages_imported/Kotlin-DateTime-library-kotlinx-datetime-wasm-js/0.8.0": {
      "name": "Kotlin-DateTime-library-kotlinx-datetime-wasm-js",
      "version": "0.8.0",
      "dependencies": {
        "@js-joda/core": "3.2.0"
      },
      "devDependencies": {}
    },
    "packages_imported/skiko-js-wasm-runtime/0.144.6": {
      "name": "skiko-js-wasm-runtime",
      "version": "0.144.6",
      "devDependencies": {}
    },
    "packages_imported/skiko-wasm-js/0.144.6": {
      "name": "skiko-wasm-js",
      "version": "0.144.6",
      "devDependencies": {}
    },
    "packages/datetime-wheel-picker-datetime-wheel-picker": {
      "version": "0.0.0-unspecified",
      "extraneous": true,
      "dependencies": {
        "@js-joda/core": "3.2.0"
      },
      "devDependencies": {}
    },
    "packages/datetime-wheel-picker-datetime-wheel-picker-test": {
      "version": "0.0.0-unspecified",
      "extraneous": true,
      "dependencies": {
        "@js-joda/core": "3.2.0"
      },
      "devDependencies": {}
    },
    "packages/datetime-wheel-picker-root-datetime-wheel-picker": {
      "version": "0.0.0-unspecified",
      "dependencies": {
        "@js-joda/core": "3.2.0"
      },
      "devDependencies": {}
    },
    "packages/datetime-wheel-picker-root-datetime-wheel-picker-test": {
      "version": "0.0.0-unspecified",
      "dependencies": {
        "@js-joda/core": "3.2.0"
      },
      "devDependencies": {}
    },
    "packages/datetime-wheel-picker-root-sample-composeApp": {
      "version": "0.0.0-unspecified",
      "dependencies": {
        "@js-joda/core": "3.2.0"
      },
      "devDependencies": {}
    },
    "packages/datetime-wheel-picker-root-sample-composeApp-test": {
      "version": "0.0.0-unspecified",
      "dependencies": {
        "@js-joda/core": "3.2.0"
      },
      "devDependencies": {}
    },
    "packages/datetime-wheel-picker-sample-composeApp": {
      "version": "0.0.0-unspecified",
      "extraneous": true,
      "dependencies": {
        "@js-joda/core": "3.2.0"
      },
      "devDependencies": {}
    },
    "packages/datetime-wheel-picker-sample-composeApp-test": {
      "version": "0.0.0-unspecified",
      "extraneous": true,
      "dependencies": {
        "@js-joda/core": "3.2.0"
      },
      "devDependencies": {}
    }
  }
}
